
Microsoft Visual Studio Solution File, Format Version 12.00
# Visual Studio Version 16
VisualStudioVersion = 16.0.31702.278
MinimumVisualStudioVersion = 10.0.40219.1
Project("{FAE04EC0-301F-11D3-BF4B-00C04F79EFBC}") = "ConsoleAppInterfaceEx", "ConsoleAppInterfaceEx\ConsoleAppInterfaceEx.csproj", "{5CD882FF-DD80-4F82-8340-FBE3D499E17D}"
EndProject
Project("{FAE04EC0-301F-11D3-BF4B-00C04F79EFBC}") = "ConsoleAppInterfaceEx.Tests", "ConsoleAppInterfaceEx.Tests\ConsoleAppInterfaceEx.Tests.csproj", "{D0E192AF-70FB-4110-8163-75DD82A8D90D}"
EndProject
Project("{FAE04EC0-301F-11D3-BF4B-00C04F79EFBC}") = "WpfAppInterfaceEx", "WpfAppInterfaceEx\WpfAppInterfaceEx.csproj", "{9FBF2CDA-1003-418E-998A-6DE4EE59F099}"
EndProject
Global
	GlobalSection(SolutionConfigurationPlatforms) = preSolution
		Debug|Any CPU = Debug|Any CPU
		Release|Any CPU = Release|Any CPU
	EndGlobalSection
	GlobalSection(ProjectConfigurationPlatforms) = postSolution
		{5CD882FF-DD80-4F82-8340-FBE3D499E17D}.Debug|Any CPU.ActiveCfg = Debug|Any CPU
		{5CD882FF-DD80-4F82-8340-FBE3D499E17D}.Debug|Any CPU.Build.0 = Debug|Any CPU
		{5CD882FF-DD80-4F82-8340-FBE3D499E17D}.Release|Any CPU.ActiveCfg = Release|Any CPU
		{5CD882FF-DD80-4F82-8340-FBE3D499E17D}.Release|Any CPU.Build.0 = Release|Any CPU
		{D0E192AF-70FB-4110-8163-75DD82A8D90D}.Debug|Any CPU.ActiveCfg = Debug|Any CPU
		{D0E192AF-70FB-4110-8163-75DD82A8D90D}.Debug|Any CPU.Build.0 = Debug|Any CPU
		{D0E192AF-70FB-4110-8163-75DD82A8D90D}.Release|Any CPU.ActiveCfg = Release|Any CPU
		{D0E192AF-70FB-4110-8163-75DD82A8D90D}.Release|Any CPU.Build.0 = Release|Any CPU
		{9FBF2CDA-1003-418E-998A-6DE4EE59F099}.Debug|Any CPU.ActiveCfg = Debug|Any CPU
		{9FBF2CDA-1003-418E-998A-6DE4EE59F099}.Debug|Any CPU.Build.0 = Debug|Any CPU
		{9FBF2CDA-1003-418E-998A-6DE4EE59F099}.Release|Any CPU.ActiveCfg = Release|Any CPU
		{9FBF2CDA-1003-418E-998A-6DE4EE59F099}.Release|Any CPU.Build.0 = Release|Any CPU
	EndGlobalSection
	GlobalSection(SolutionProperties) = preSolution
		HideSolutionNode = FALSE
	EndGlobalSection
	GlobalSection(ExtensibilityGlobals) = postSolution
		SolutionGuid = {EF3B86BF-FE52-44B5-9272-D004288B4417}
	EndGlobalSection
EndGlobal
